// !$*UTF8*$!
{
	archiveVersion = 1;
	classes = {
	};
	objectVersion = 46;
	objects = {

/* Begin PBXBuildFile section */
		1A1910411A88233A00526BE0 /* EasyShop.entitlements in Resources */ = {isa = PBXBuildFile; fileRef = 1A1910401A88233A00526BE0 /* EasyShop.entitlements */; };
		1A1910431A88235D00526BE0 /* CloudKit.framework in Frameworks */ = {isa = PBXBuildFile; fileRef = 1A1910421A88235D00526BE0 /* CloudKit.framework */; };
		3F7CE1CB1A86CA1E00F676C6 /* MKSImagePicker.swift in Sources */ = {isa = PBXBuildFile; fileRef = 3F7CE1CA1A86CA1E00F676C6 /* MKSImagePicker.swift */; };
		3F7CE1CF1A86CCA700F676C6 /* FileUtil.swift in Sources */ = {isa = PBXBuildFile; fileRef = 3F7CE1CE1A86CCA700F676C6 /* FileUtil.swift */; };
		3F7CE1D61A86EACE00F676C6 /* Model.swift in Sources */ = {isa = PBXBuildFile; fileRef = 3F7CE1D51A86EACE00F676C6 /* Model.swift */; };
		3F7CE1D81A86EB8700F676C6 /* ShopPhotos.swift in Sources */ = {isa = PBXBuildFile; fileRef = 3F7CE1D71A86EB8700F676C6 /* ShopPhotos.swift */; };
		3F7CE1DA1A86ECEC00F676C6 /* UserInfo.swift in Sources */ = {isa = PBXBuildFile; fileRef = 3F7CE1D91A86ECEC00F676C6 /* UserInfo.swift */; };
		3F8745C71A86665A00E98530 /* AppDelegate.swift in Sources */ = {isa = PBXBuildFile; fileRef = 3F8745C61A86665A00E98530 /* AppDelegate.swift */; };
		3F8745C91A86665A00E98530 /* FirstViewController.swift in Sources */ = {isa = PBXBuildFile; fileRef = 3F8745C81A86665A00E98530 /* FirstViewController.swift */; };
		3F8745CB1A86665A00E98530 /* SecondViewController.swift in Sources */ = {isa = PBXBuildFile; fileRef = 3F8745CA1A86665A00E98530 /* SecondViewController.swift */; };
		3F8745CE1A86665A00E98530 /* Main.storyboard in Resources */ = {isa = PBXBuildFile; fileRef = 3F8745CC1A86665A00E98530 /* Main.storyboard */; };
		3F8745D01A86665A00E98530 /* Images.xcassets in Resources */ = {isa = PBXBuildFile; fileRef = 3F8745CF1A86665A00E98530 /* Images.xcassets */; };
		3F8745D31A86665A00E98530 /* LaunchScreen.xib in Resources */ = {isa = PBXBuildFile; fileRef = 3F8745D11A86665A00E98530 /* LaunchScreen.xib */; };
		3F8745DF1A86665A00E98530 /* EasyShopTests.swift in Sources */ = {isa = PBXBuildFile; fileRef = 3F8745DE1A86665A00E98530 /* EasyShopTests.swift */; };
		3F8745EF1A8676AC00E98530 /* UIKit.framework in Frameworks */ = {isa = PBXBuildFile; fileRef = 3F8745EE1A8676AC00E98530 /* UIKit.framework */; };
		3F8745F11A8676B000E98530 /* AVFoundation.framework in Frameworks */ = {isa = PBXBuildFile; fileRef = 3F8745F01A8676B000E98530 /* AVFoundation.framework */; };
		3F8745F31A8676B700E98530 /* CoreLocation.framework in Frameworks */ = {isa = PBXBuildFile; fileRef = 3F8745F21A8676B700E98530 /* CoreLocation.framework */; };
		3FCBE5101A86B07800FCD699 /* HomeViewController.swift in Sources */ = {isa = PBXBuildFile; fileRef = 3FCBE50F1A86B07800FCD699 /* HomeViewController.swift */; };
/* End PBXBuildFile section */

/* Begin PBXContainerItemProxy section */
		3F8745D91A86665A00E98530 /* PBXContainerItemProxy */ = {
			isa = PBXContainerItemProxy;
			containerPortal = 3F8745B91A86665A00E98530 /* Project object */;
			proxyType = 1;
			remoteGlobalIDString = 3F8745C01A86665A00E98530;
			remoteInfo = EasyShop;
		};
/* End PBXContainerItemProxy section */

/* Begin PBXFileReference section */
		1A1910401A88233A00526BE0 /* EasyShop.entitlements */ = {isa = PBXFileReference; fileEncoding = 4; lastKnownFileType = text.xml; path = EasyShop.entitlements; sourceTree = "<group>"; };
		1A1910421A88235D00526BE0 /* CloudKit.framework */ = {isa = PBXFileReference; lastKnownFileType = wrapper.framework; name = CloudKit.framework; path = System/Library/Frameworks/CloudKit.framework; sourceTree = SDKROOT; };
		3F7CE1CA1A86CA1E00F676C6 /* MKSImagePicker.swift */ = {isa = PBXFileReference; fileEncoding = 4; lastKnownFileType = sourcecode.swift; path = MKSImagePicker.swift; sourceTree = "<group>"; };
		3F7CE1CE1A86CCA700F676C6 /* FileUtil.swift */ = {isa = PBXFileReference; fileEncoding = 4; lastKnownFileType = sourcecode.swift; path = FileUtil.swift; sourceTree = "<group>"; };
		3F7CE1D51A86EACE00F676C6 /* Model.swift */ = {isa = PBXFileReference; fileEncoding = 4; lastKnownFileType = sourcecode.swift; path = Model.swift; sourceTree = "<group>"; };
		3F7CE1D71A86EB8700F676C6 /* ShopPhotos.swift */ = {isa = PBXFileReference; fileEncoding = 4; lastKnownFileType = sourcecode.swift; path = ShopPhotos.swift; sourceTree = "<group>"; };
		3F7CE1D91A86ECEC00F676C6 /* UserInfo.swift */ = {isa = PBXFileReference; fileEncoding = 4; lastKnownFileType = sourcecode.swift; path = UserInfo.swift; sourceTree = "<group>"; };
		3F8745C11A86665A00E98530 /* EasyShop.app */ = {isa = PBXFileReference; explicitFileType = wrapper.application; includeInIndex = 0; path = EasyShop.app; sourceTree = BUILT_PRODUCTS_DIR; };
		3F8745C51A86665A00E98530 /* Info.plist */ = {isa = PBXFileReference; lastKnownFileType = text.plist.xml; path = Info.plist; sourceTree = "<group>"; };
		3F8745C61A86665A00E98530 /* AppDelegate.swift */ = {isa = PBXFileReference; lastKnownFileType = sourcecode.swift; path = AppDelegate.swift; sourceTree = "<group>"; };
		3F8745C81A86665A00E98530 /* FirstViewController.swift */ = {isa = PBXFileReference; lastKnownFileType = sourcecode.swift; path = FirstViewController.swift; sourceTree = "<group>"; };
		3F8745CA1A86665A00E98530 /* SecondViewController.swift */ = {isa = PBXFileReference; lastKnownFileType = sourcecode.swift; path = SecondViewController.swift; sourceTree = "<group>"; };
		3F8745CD1A86665A00E98530 /* Base */ = {isa = PBXFileReference; lastKnownFileType = file.storyboard; name = Base; path = Base.lproj/Main.storyboard; sourceTree = "<group>"; };
		3F8745CF1A86665A00E98530 /* Images.xcassets */ = {isa = PBXFileReference; lastKnownFileType = folder.assetcatalog; path = Images.xcassets; sourceTree = "<group>"; };
		3F8745D21A86665A00E98530 /* Base */ = {isa = PBXFileReference; lastKnownFileType = file.xib; name = Base; path = Base.lproj/LaunchScreen.xib; sourceTree = "<group>"; };
		3F8745D81A86665A00E98530 /* EasyShopTests.xctest */ = {isa = PBXFileReference; explicitFileType = wrapper.cfbundle; includeInIndex = 0; path = EasyShopTests.xctest; sourceTree = BUILT_PRODUCTS_DIR; };
		3F8745DD1A86665A00E98530 /* Info.plist */ = {isa = PBXFileReference; lastKnownFileType = text.plist.xml; path = Info.plist; sourceTree = "<group>"; };
		3F8745DE1A86665A00E98530 /* EasyShopTests.swift */ = {isa = PBXFileReference; lastKnownFileType = sourcecode.swift; path = EasyShopTests.swift; sourceTree = "<group>"; };
		3F8745EE1A8676AC00E98530 /* UIKit.framework */ = {isa = PBXFileReference; lastKnownFileType = wrapper.framework; name = UIKit.framework; path = System/Library/Frameworks/UIKit.framework; sourceTree = SDKROOT; };
		3F8745F01A8676B000E98530 /* AVFoundation.framework */ = {isa = PBXFileReference; lastKnownFileType = wrapper.framework; name = AVFoundation.framework; path = System/Library/Frameworks/AVFoundation.framework; sourceTree = SDKROOT; };
		3F8745F21A8676B700E98530 /* CoreLocation.framework */ = {isa = PBXFileReference; lastKnownFileType = wrapper.framework; name = CoreLocation.framework; path = System/Library/Frameworks/CoreLocation.framework; sourceTree = SDKROOT; };
		3FCBE50F1A86B07800FCD699 /* HomeViewController.swift */ = {isa = PBXFileReference; fileEncoding = 4; lastKnownFileType = sourcecode.swift; path = HomeViewController.swift; sourceTree = "<group>"; };
/* End PBXFileReference section */

/* Begin PBXFrameworksBuildPhase section */
		3F8745BE1A86665A00E98530 /* Frameworks */ = {
			isa = PBXFrameworksBuildPhase;
			buildActionMask = 2147483647;
			files = (
				3F8745F31A8676B700E98530 /* CoreLocation.framework in Frameworks */,
				1A1910431A88235D00526BE0 /* CloudKit.framework in Frameworks */,
				3F8745F11A8676B000E98530 /* AVFoundation.framework in Frameworks */,
				3F8745EF1A8676AC00E98530 /* UIKit.framework in Frameworks */,
			);
			runOnlyForDeploymentPostprocessing = 0;
		};
		3F8745D51A86665A00E98530 /* Frameworks */ = {
			isa = PBXFrameworksBuildPhase;
			buildActionMask = 2147483647;
			files = (
			);
			runOnlyForDeploymentPostprocessing = 0;
		};
/* End PBXFrameworksBuildPhase section */

/* Begin PBXGroup section */
		3F7CE1CC1A86CC8D00F676C6 /* Utils */ = {
			isa = PBXGroup;
			children = (
				3F7CE1CD1A86CCA700F676C6 /* Extensions */,
			);
			name = Utils;
			sourceTree = "<group>";
		};
		3F7CE1CD1A86CCA700F676C6 /* Extensions */ = {
			isa = PBXGroup;
			children = (
				3F7CE1CE1A86CCA700F676C6 /* FileUtil.swift */,
			);
			path = Extensions;
			sourceTree = "<group>";
		};
		3F7CE1D41A86E98000F676C6 /* Model */ = {
			isa = PBXGroup;
			children = (
				3F7CE1D91A86ECEC00F676C6 /* UserInfo.swift */,
				3F7CE1D51A86EACE00F676C6 /* Model.swift */,
				3F7CE1D71A86EB8700F676C6 /* ShopPhotos.swift */,
			);
			name = Model;
			sourceTree = "<group>";
		};
		3F8745B81A86665A00E98530 = {
			isa = PBXGroup;
			children = (
				1A1910421A88235D00526BE0 /* CloudKit.framework */,
				3F8745F21A8676B700E98530 /* CoreLocation.framework */,
				3F8745F01A8676B000E98530 /* AVFoundation.framework */,
				3F8745EE1A8676AC00E98530 /* UIKit.framework */,
				3F8745C31A86665A00E98530 /* EasyShop */,
				3F8745DB1A86665A00E98530 /* EasyShopTests */,
				3F8745C21A86665A00E98530 /* Products */,
			);
			sourceTree = "<group>";
		};
		3F8745C21A86665A00E98530 /* Products */ = {
			isa = PBXGroup;
			children = (
				3F8745C11A86665A00E98530 /* EasyShop.app */,
				3F8745D81A86665A00E98530 /* EasyShopTests.xctest */,
			);
			name = Products;
			sourceTree = "<group>";
		};
		3F8745C31A86665A00E98530 /* EasyShop */ = {
			isa = PBXGroup;
			children = (
				3F7CE1D41A86E98000F676C6 /* Model */,
				3F7CE1CC1A86CC8D00F676C6 /* Utils */,
				3F7CE1CA1A86CA1E00F676C6 /* MKSImagePicker.swift */,
				1A1910401A88233A00526BE0 /* EasyShop.entitlements */,
				3F8745C61A86665A00E98530 /* AppDelegate.swift */,
				3F8745C81A86665A00E98530 /* FirstViewController.swift */,
				3F8745CA1A86665A00E98530 /* SecondViewController.swift */,
				3F8745CC1A86665A00E98530 /* Main.storyboard */,
				3F8745CF1A86665A00E98530 /* Images.xcassets */,
				3F8745D11A86665A00E98530 /* LaunchScreen.xib */,
				3F8745C41A86665A00E98530 /* Supporting Files */,
				3FCBE50F1A86B07800FCD699 /* HomeViewController.swift */,
			);
			path = EasyShop;
			sourceTree = "<group>";
		};
		3F8745C41A86665A00E98530 /* Supporting Files */ = {
			isa = PBXGroup;
			children = (
				3F8745C51A86665A00E98530 /* Info.plist */,
			);
			name = "Supporting Files";
			sourceTree = "<group>";
		};
		3F8745DB1A86665A00E98530 /* EasyShopTests */ = {
			isa = PBXGroup;
			children = (
				3F8745DE1A86665A00E98530 /* EasyShopTests.swift */,
				3F8745DC1A86665A00E98530 /* Supporting Files */,
			);
			path = EasyShopTests;
			sourceTree = "<group>";
		};
		3F8745DC1A86665A00E98530 /* Supporting Files */ = {
			isa = PBXGroup;
			children = (
				3F8745DD1A86665A00E98530 /* Info.plist */,
			);
			name = "Supporting Files";
			sourceTree = "<group>";
		};
/* End PBXGroup section */

/* Begin PBXNativeTarget section */
		3F8745C01A86665A00E98530 /* EasyShop */ = {
			isa = PBXNativeTarget;
			buildConfigurationList = 3F8745E21A86665A00E98530 /* Build configuration list for PBXNativeTarget "EasyShop" */;
			buildPhases = (
				3F8745BD1A86665A00E98530 /* Sources */,
				3F8745BE1A86665A00E98530 /* Frameworks */,
				3F8745BF1A86665A00E98530 /* Resources */,
			);
			buildRules = (
			);
			dependencies = (
			);
			name = EasyShop;
			productName = EasyShop;
			productReference = 3F8745C11A86665A00E98530 /* EasyShop.app */;
			productType = "com.apple.product-type.application";
		};
		3F8745D71A86665A00E98530 /* EasyShopTests */ = {
			isa = PBXNativeTarget;
			buildConfigurationList = 3F8745E51A86665A00E98530 /* Build configuration list for PBXNativeTarget "EasyShopTests" */;
			buildPhases = (
				3F8745D41A86665A00E98530 /* Sources */,
				3F8745D51A86665A00E98530 /* Frameworks */,
				3F8745D61A86665A00E98530 /* Resources */,
			);
			buildRules = (
			);
			dependencies = (
				3F8745DA1A86665A00E98530 /* PBXTargetDependency */,
			);
			name = EasyShopTests;
			productName = EasyShopTests;
			productReference = 3F8745D81A86665A00E98530 /* EasyShopTests.xctest */;
			productType = "com.apple.product-type.bundle.unit-test";
		};
/* End PBXNativeTarget section */

/* Begin PBXProject section */
		3F8745B91A86665A00E98530 /* Project object */ = {
			isa = PBXProject;
			attributes = {
				LastUpgradeCheck = 0610;
				ORGANIZATIONNAME = Student;
				TargetAttributes = {
					3F8745C01A86665A00E98530 = {
						CreatedOnToolsVersion = 6.1;
						DevelopmentTeam = 2S3D8J8M3T;
						SystemCapabilities = {
							com.apple.iCloud = {
								enabled = 1;
							};
						};
					};
					3F8745D71A86665A00E98530 = {
						CreatedOnToolsVersion = 6.1;
						TestTargetID = 3F8745C01A86665A00E98530;
					};
				};
			};
			buildConfigurationList = 3F8745BC1A86665A00E98530 /* Build configuration list for PBXProject "EasyShop" */;
			compatibilityVersion = "Xcode 3.2";
			developmentRegion = English;
			hasScannedForEncodings = 0;
			knownRegions = (
				en,
				Base,
			);
			mainGroup = 3F8745B81A86665A00E98530;
			productRefGroup = 3F8745C21A86665A00E98530 /* Products */;
			projectDirPath = "";
			projectRoot = "";
			targets = (
				3F8745C01A86665A00E98530 /* EasyShop */,
				3F8745D71A86665A00E98530 /* EasyShopTests */,
			);
		};
/* End PBXProject section */

/* Begin PBXResourcesBuildPhase section */
		3F8745BF1A86665A00E98530 /* Resources */ = {
			isa = PBXResourcesBuildPhase;
			buildActionMask = 2147483647;
			files = (
				3F8745CE1A86665A00E98530 /* Main.storyboard in Resources */,
				3F8745D31A86665A00E98530 /* LaunchScreen.xib in Resources */,
				3F8745D01A86665A00E98530 /* Images.xcassets in Resources */,
				1A1910411A88233A00526BE0 /* EasyShop.entitlements in Resources */,
			);
			runOnlyForDeploymentPostprocessing = 0;
		};
		3F8745D61A86665A00E98530 /* Resources */ = {
			isa = PBXResourcesBuildPhase;
			buildActionMask = 2147483647;
			files = (
			);
			runOnlyForDeploymentPostprocessing = 0;
		};
/* End PBXResourcesBuildPhase section */

/* Begin PBXSourcesBuildPhase section */
		3F8745BD1A86665A00E98530 /* Sources */ = {
			isa = PBXSourcesBuildPhase;
			buildActionMask = 2147483647;
			files = (
				3F7CE1D61A86EACE00F676C6 /* Model.swift in Sources */,
				3F8745CB1A86665A00E98530 /* SecondViewController.swift in Sources */,
				3F7CE1D81A86EB8700F676C6 /* ShopPhotos.swift in Sources */,
				3F8745C71A86665A00E98530 /* AppDelegate.swift in Sources */,
				3F7CE1CB1A86CA1E00F676C6 /* MKSImagePicker.swift in Sources */,
				3F7CE1CF1A86CCA700F676C6 /* FileUtil.swift in Sources */,
				3F8745C91A86665A00E98530 /* FirstViewController.swift in Sources */,
				3F7CE1DA1A86ECEC00F676C6 /* UserInfo.swift in Sources */,
				3FCBE5101A86B07800FCD699 /* HomeViewController.swift in Sources */,
			);
			runOnlyForDeploymentPostprocessing = 0;
		};
		3F8745D41A86665A00E98530 /* Sources */ = {
			isa = PBXSourcesBuildPhase;
			buildActionMask = 2147483647;
			files = (
				3F8745DF1A86665A00E98530 /* EasyShopTests.swift in Sources */,
			);
			runOnlyForDeploymentPostprocessing = 0;
		};
/* End PBXSourcesBuildPhase section */

/* Begin PBXTargetDependency section */
		3F8745DA1A86665A00E98530 /* PBXTargetDependency */ = {
			isa = PBXTargetDependency;
			target = 3F8745C01A86665A00E98530 /* EasyShop */;
			targetProxy = 3F8745D91A86665A00E98530 /* PBXContainerItemProxy */;
		};
/* End PBXTargetDependency section */

/* Begin PBXVariantGroup section */
		3F8745CC1A86665A00E98530 /* Main.storyboard */ = {
			isa = PBXVariantGroup;
			children = (
				3F8745CD1A86665A00E98530 /* Base */,
			);
			name = Main.storyboard;
			sourceTree = "<group>";
		};
		3F8745D11A86665A00E98530 /* LaunchScreen.xib */ = {
			isa = PBXVariantGroup;
			children = (
				3F8745D21A86665A00E98530 /* Base */,
			);
			name = LaunchScreen.xib;
			sourceTree = "<group>";
		};
/* End PBXVariantGroup section */

/* Begin XCBuildConfiguration section */
		3F8745E01A86665A00E98530 /* Debug */ = {
			isa = XCBuildConfiguration;
			buildSettings = {
				ALWAYS_SEARCH_USER_PATHS = NO;
				CLANG_CXX_LANGUAGE_STANDARD = "gnu++0x";
				CLANG_CXX_LIBRARY = "libc++";
				CLANG_ENABLE_MODULES = YES;
				CLANG_ENABLE_OBJC_ARC = YES;
				CLANG_WARN_BOOL_CONVERSION = YES;
				CLANG_WARN_CONSTANT_CONVERSION = YES;
				CLANG_WARN_DIRECT_OBJC_ISA_USAGE = YES_ERROR;
				CLANG_WARN_EMPTY_BODY = YES;
				CLANG_WARN_ENUM_CONVERSION = YES;
				CLANG_WARN_INT_CONVERSION = YES;
				CLANG_WARN_OBJC_ROOT_CLASS = YES_ERROR;
				CLANG_WARN_UNREACHABLE_CODE = YES;
				CLANG_WARN__DUPLICATE_METHOD_MATCH = YES;
				"CODE_SIGN_IDENTITY[sdk=iphoneos*]" = "iPhone Developer";
				COPY_PHASE_STRIP = NO;
				ENABLE_STRICT_OBJC_MSGSEND = YES;
				GCC_C_LANGUAGE_STANDARD = gnu99;
				GCC_DYNAMIC_NO_PIC = NO;
				GCC_OPTIMIZATION_LEVEL = 0;
				GCC_PREPROCESSOR_DEFINITIONS = (
					"DEBUG=1",
					"$(inherited)",
				);
				GCC_SYMBOLS_PRIVATE_EXTERN = NO;
				GCC_WARN_64_TO_32_BIT_CONVERSION = YES;
				GCC_WARN_ABOUT_RETURN_TYPE = YES_ERROR;
				GCC_WARN_UNDECLARED_SELECTOR = YES;
				GCC_WARN_UNINITIALIZED_AUTOS = YES_AGGRESSIVE;
				GCC_WARN_UNUSED_FUNCTION = YES;
				GCC_WARN_UNUSED_VARIABLE = YES;
				IPHONEOS_DEPLOYMENT_TARGET = 8.1;
				MTL_ENABLE_DEBUG_INFO = YES;
				ONLY_ACTIVE_ARCH = YES;
				SDKROOT = iphoneos;
				SWIFT_OPTIMIZATION_LEVEL = "-Onone";
				TARGETED_DEVICE_FAMILY = "1,2";
			};
			name = Debug;
		};
		3F8745E11A86665A00E98530 /* Release */ = {
			isa = XCBuildConfiguration;
			buildSettings = {
				ALWAYS_SEARCH_USER_PATHS = NO;
				CLANG_CXX_LANGUAGE_STANDARD = "gnu++0x";
				CLANG_CXX_LIBRARY = "libc++";
				CLANG_ENABLE_MODULES = YES;
				CLANG_ENABLE_OBJC_ARC = YES;
				CLANG_WARN_BOOL_CONVERSION = YES;
				CLANG_WARN_CONSTANT_CONVERSION = YES;
				CLANG_WARN_DIRECT_OBJC_ISA_USAGE = YES_ERROR;
				CLANG_WARN_EMPTY_BODY = YES;
				CLANG_WARN_ENUM_CONVERSION = YES;
				CLANG_WARN_INT_CONVERSION = YES;
				CLANG_WARN_OBJC_ROOT_CLASS = YES_ERROR;
				CLANG_WARN_UNREACHABLE_CODE = YES;
				CLANG_WARN__DUPLICATE_METHOD_MATCH = YES;
				"CODE_SIGN_IDENTITY[sdk=iphoneos*]" = "iPhone Developer";
				COPY_PHASE_STRIP = YES;
				ENABLE_NS_ASSERTIONS = NO;
				ENABLE_STRICT_OBJC_MSGSEND = YES;
				GCC_C_LANGUAGE_STANDARD = gnu99;
				GCC_WARN_64_TO_32_BIT_CONVERSION = YES;
				GCC_WARN_ABOUT_RETURN_TYPE = YES_ERROR;
				GCC_WARN_UNDECLARED_SELECTOR = YES;
				GCC_WARN_UNINITIALIZED_AUTOS = YES_AGGRESSIVE;
				GCC_WARN_UNUSED_FUNCTION = YES;
				GCC_WARN_UNUSED_VARIABLE = YES;
				IPHONEOS_DEPLOYMENT_TARGET = 8.1;
				MTL_ENABLE_DEBUG_INFO = NO;
				SDKROOT = iphoneos;
				TARGETED_DEVICE_FAMILY = "1,2";
				VALIDATE_PRODUCT = YES;
			};
			name = Release;
		};
		3F8745E31A86665A00E98530 /* Debug */ = {
			isa = XCBuildConfiguration;
			buildSettings = {
				ASSETCATALOG_COMPILER_APPICON_NAME = AppIcon;
				CODE_SIGN_ENTITLEMENTS = EasyShop/EasyShop.entitlements;
				CODE_SIGN_IDENTITY = "iPhone Developer";
				"CODE_SIGN_IDENTITY[sdk=iphoneos*]" = "iPhone Developer";
				INFOPLIST_FILE = EasyShop/Info.plist;
				LD_RUNPATH_SEARCH_PATHS = "$(inherited) @executable_path/Frameworks";
				PRODUCT_NAME = "$(TARGET_NAME)";
				PROVISIONING_PROFILE = "";
			};
			name = Debug;
		};
		3F8745E41A86665A00E98530 /* Release */ = {
			isa = XCBuildConfiguration;
			buildSettings = {
				ASSETCATALOG_COMPILER_APPICON_NAME = AppIcon;
				CODE_SIGN_ENTITLEMENTS = EasyShop/EasyShop.entitlements;
				CODE_SIGN_IDENTITY = "iPhone Developer";
				"CODE_SIGN_IDENTITY[sdk=iphoneos*]" = "iPhone Developer";
				INFOPLIST_FILE = EasyShop/Info.plist;
				LD_RUNPATH_SEARCH_PATHS = "$(inherited) @executable_path/Frameworks";
				PRODUCT_NAME = "$(TARGET_NAME)";
				PROVISIONING_PROFILE = "";
			};
			name = Release;
		};
		3F8745E61A86665A00E98530 /* Debug */ = {
			isa = XCBuildConfiguration;
			buildSettings = {
				BUNDLE_LOADER = "$(TEST_HOST)";
				FRAMEWORK_SEARCH_PATHS = (
					"$(SDKROOT)/Developer/Library/Frameworks",
					"$(inherited)",
				);
				GCC_PREPROCESSOR_DEFINITIONS = (
					"DEBUG=1",
					"$(inherited)",
				);
				INFOPLIST_FILE = EasyShopTests/Info.plist;
				LD_RUNPATH_SEARCH_PATHS = "$(inherited) @executable_path/Frameworks @loader_path/Frameworks";
				PRODUCT_NAME = "$(TARGET_NAME)";
				TEST_HOST = "$(BUILT_PRODUCTS_DIR)/EasyShop.app/EasyShop";
			};
			name = Debug;
		};
		3F8745E71A86665A00E98530 /* Release */ = {
			isa = XCBuildConfiguration;
			buildSettings = {
				BUNDLE_LOADER = "$(TEST_HOST)";
				FRAMEWORK_SEARCH_PATHS = (
					"$(SDKROOT)/Developer/Library/Frameworks",
					"$(inherited)",
				);
				INFOPLIST_FILE = EasyShopTests/Info.plist;
				LD_RUNPATH_SEARCH_PATHS = "$(inherited) @executable_path/Frameworks @loader_path/Frameworks";
				PRODUCT_NAME = "$(TARGET_NAME)";
				TEST_HOST = "$(BUILT_PRODUCTS_DIR)/EasyShop.app/EasyShop";
			};
			name = Release;
		};
/* End XCBuildConfiguration section */

/* Begin XCConfigurationList section */
		3F8745BC1A86665A00E98530 /* Build configuration list for PBXProject "EasyShop" */ = {
			isa = XCConfigurationList;
			buildConfigurations = (
				3F8745E01A86665A00E98530 /* Debug */,
				3F8745E11A86665A00E98530 /* Release */,
			);
			defaultConfigurationIsVisible = 0;
			defaultConfigurationName = Release;
		};
		3F8745E21A86665A00E98530 /* Build configuration list for PBXNativeTarget "EasyShop" */ = {
			isa = XCConfigurationList;
			buildConfigurations = (
				3F8745E31A86665A00E98530 /* Debug */,
				3F8745E41A86665A00E98530 /* Release */,
			);
			defaultConfigurationIsVisible = 0;
			defaultConfigurationName = Release;
		};
		3F8745E51A86665A00E98530 /* Build configuration list for PBXNativeTarget "EasyShopTests" */ = {
			isa = XCConfigurationList;
			buildConfigurations = (
				3F8745E61A86665A00E98530 /* Debug */,
				3F8745E71A86665A00E98530 /* Release */,
			);
			defaultConfigurationIsVisible = 0;
			defaultConfigurationName = Release;
		};
/* End XCConfigurationList section */
	};
	rootObject = 3F8745B91A86665A00E98530 /* Project object */;
}
